
Microsoft Visual Studio Solution File, Format Version 12.00
# Visual Studio 15
VisualStudioVersion = 15.0.27130.2024
MinimumVisualStudioVersion = 10.0.40219.1
Project("{FAE04EC0-301F-11D3-BF4B-00C04F79EFBC}") = "HOI4 State Editor", "HOI4 State Editor\HOI4 State Editor.csproj", "{0EF72C09-BC26-4578-9D05-DB898CBBF7F2}"
EndProject
Global
	GlobalSection(SolutionConfigurationPlatforms) = preSolution
		Debug|Any CPU = Debug|Any CPU
		Release|Any CPU = Release|Any CPU
	EndGlobalSection
	GlobalSection(ProjectConfigurationPlatforms) = postSolution
		{0EF72C09-BC26-4578-9D05-DB898CBBF7F2}.Debug|Any CPU.ActiveCfg = Debug|Any CPU
		{0EF72C09-BC26-4578-9D05-DB898CBBF7F2}.Debug|Any CPU.Build.0 = Debug|Any CPU
		{0EF72C09-BC26-4578-9D05-DB898CBBF7F2}.Release|Any CPU.ActiveCfg = Release|Any CPU
		{0EF72C09-BC26-4578-9D05-DB898CBBF7F2}.Release|Any CPU.Build.0 = Release|Any CPU
	EndGlobalSection
	GlobalSection(SolutionProperties) = preSolution
		HideSolutionNode = FALSE
	EndGlobalSection
	GlobalSection(ExtensibilityGlobals) = postSolution
		SolutionGuid = {FEA8C3C0-24A4-4E8C-A9B5-BA1F33CB8397}
	EndGlobalSection
EndGlobal
